# Code generated by scarb DO NOT EDIT.
version = 1

[[package]]
name = "corelib_imports"
version = "0.1.2"
source = "registry+https://scarbs.xyz/"
checksum = "sha256:feeb2b7091634356871a9f9e1c9a2e5095a5fdbd2fbab92bc4b47ff2f8744b04"

[[package]]
name = "garaga"
version = "1.0.1"
source = "registry+https://scarbs.xyz/"
checksum = "sha256:66016606abe44f57781ff84919f44bebc4b3a6c6cd63f5915412086f56efaf08"
dependencies = [
 "corelib_imports",
]

[[package]]
name = "shielded_btc_collateral"
version = "0.1.0"
dependencies = [
 "garaga",
 "snforge_std",
]

[[package]]
name = "snforge_scarb_plugin"
version = "0.56.0"
source = "registry+https://scarbs.xyz/"
checksum = "sha256:d5f2d878f7ae36c8149c517e2d618a95d7833598a76083cb12ea3f00da06a618"

[[package]]
name = "snforge_std"
version = "0.56.0"
source = "registry+https://scarbs.xyz/"
checksum = "sha256:87dfe06ffd5cf1d5a075b7a5c8dff442b66d0eeaf27921140cf446213eb29a68"
dependencies = [
 "snforge_scarb_plugin",
]
